
Microsoft Visual Studio Solution File, Format Version 12.00
# Visual Studio 2015
Project("{FAE04EC0-301F-11D3-BF4B-00C04F79EFBC}") = "friend-getter.CSharp", "friend-getter.CSharp.csproj", "{C349E45D-741F-8A57-3D81-EE2895A11909}"
EndProject
Project("{FAE04EC0-301F-11D3-BF4B-00C04F79EFBC}") = "friend-getter.CSharp.Editor", "friend-getter.CSharp.Editor.csproj", "{0B0005C4-F2F9-6C05-48BE-D2C132D8C688}"
EndProject
Global
	GlobalSection(SolutionConfigurationPlatforms) = preSolution
		Debug|Any CPU = Debug|Any CPU
		Release|Any CPU = Release|Any CPU
	EndGlobalSection
	GlobalSection(ProjectConfigurationPlatforms) = postSolution
		{C349E45D-741F-8A57-3D81-EE2895A11909}.Debug|Any CPU.ActiveCfg = Debug|Any CPU
		{C349E45D-741F-8A57-3D81-EE2895A11909}.Debug|Any CPU.Build.0 = Debug|Any CPU
		{C349E45D-741F-8A57-3D81-EE2895A11909}.Release|Any CPU.ActiveCfg = Release|Any CPU
		{C349E45D-741F-8A57-3D81-EE2895A11909}.Release|Any CPU.Build.0 = Release|Any CPU
		{0B0005C4-F2F9-6C05-48BE-D2C132D8C688}.Debug|Any CPU.ActiveCfg = Debug|Any CPU
		{0B0005C4-F2F9-6C05-48BE-D2C132D8C688}.Debug|Any CPU.Build.0 = Debug|Any CPU
		{0B0005C4-F2F9-6C05-48BE-D2C132D8C688}.Release|Any CPU.ActiveCfg = Release|Any CPU
		{0B0005C4-F2F9-6C05-48BE-D2C132D8C688}.Release|Any CPU.Build.0 = Release|Any CPU
	EndGlobalSection
	GlobalSection(SolutionProperties) = preSolution
		HideSolutionNode = FALSE
	EndGlobalSection
EndGlobal
